
Microsoft Visual Studio Solution File, Format Version 12.00
# Visual Studio Version 16
VisualStudioVersion = 16.0.30011.22
MinimumVisualStudioVersion = 10.0.40219.1
Project("{FAE04EC0-301F-11D3-BF4B-00C04F79EFBC}") = "OSMaker", "CPCDOS EDITOR\OSMaker.csproj", "{BEBFA983-A7CA-0976-3410-EECB70232D22}"
EndProject
Project("{F184B08F-C81C-45F6-A57F-5ABD9991F28F}") = "WinToCpcDosCplus", "WinToCpcDosCplus\WinToCpcDosCplus.vbproj", "{BCA0393D-06C8-4959-8BF5-BF066CAD56A6}"
EndProject
Project("{FAE04EC0-301F-11D3-BF4B-00C04F79EFBC}") = "Host", "Host\Host.csproj", "{0B007B04-EAA6-419C-BDA0-6C394D0DC485}"
EndProject
Project("{FAE04EC0-301F-11D3-BF4B-00C04F79EFBC}") = "Loader", "Loader\Loader.csproj", "{35446B57-9AC5-4DDB-9D65-16D6DFF39C04}"
EndProject
Project("{F184B08F-C81C-45F6-A57F-5ABD9991F28F}") = "ToolBox", "ToolBox\ToolBox.vbproj", "{18FE5640-9031-469A-BE67-9039735D500A}"
EndProject
Project("{FAE04EC0-301F-11D3-BF4B-00C04F79EFBC}") = "Exporter", "Exporter\Exporter.csproj", "{7EB4F52F-E4BD-450A-833A-5CF3A42F7FB3}"
EndProject
Project("{FAE04EC0-301F-11D3-BF4B-00C04F79EFBC}") = "OutputW", "OutputW\OutputW.csproj", "{ED752041-EE6C-492F-A2C4-AAF8E6C7036F}"
EndProject
Global
	GlobalSection(SolutionConfigurationPlatforms) = preSolution
		Debug|Any CPU = Debug|Any CPU
		Debug|x86 = Debug|x86
		Release|Any CPU = Release|Any CPU
		Release|x86 = Release|x86
	EndGlobalSection
	GlobalSection(ProjectConfigurationPlatforms) = postSolution
		{BEBFA983-A7CA-0976-3410-EECB70232D22}.Debug|Any CPU.ActiveCfg = Debug|Any CPU
		{BEBFA983-A7CA-0976-3410-EECB70232D22}.Debug|Any CPU.Build.0 = Debug|Any CPU
		{BEBFA983-A7CA-0976-3410-EECB70232D22}.Debug|x86.ActiveCfg = Debug|x86
		{BEBFA983-A7CA-0976-3410-EECB70232D22}.Debug|x86.Build.0 = Debug|x86
		{BEBFA983-A7CA-0976-3410-EECB70232D22}.Release|Any CPU.ActiveCfg = Release|Any CPU
		{BEBFA983-A7CA-0976-3410-EECB70232D22}.Release|Any CPU.Build.0 = Release|Any CPU
		{BEBFA983-A7CA-0976-3410-EECB70232D22}.Release|x86.ActiveCfg = Release|x86
		{BEBFA983-A7CA-0976-3410-EECB70232D22}.Release|x86.Build.0 = Release|x86
		{BCA0393D-06C8-4959-8BF5-BF066CAD56A6}.Debug|Any CPU.ActiveCfg = Debug|Any CPU
		{BCA0393D-06C8-4959-8BF5-BF066CAD56A6}.Debug|Any CPU.Build.0 = Debug|Any CPU
		{BCA0393D-06C8-4959-8BF5-BF066CAD56A6}.Debug|x86.ActiveCfg = Debug|Any CPU
		{BCA0393D-06C8-4959-8BF5-BF066CAD56A6}.Debug|x86.Build.0 = Debug|Any CPU
		{BCA0393D-06C8-4959-8BF5-BF066CAD56A6}.Release|Any CPU.ActiveCfg = Release|Any CPU
		{BCA0393D-06C8-4959-8BF5-BF066CAD56A6}.Release|Any CPU.Build.0 = Release|Any CPU
		{BCA0393D-06C8-4959-8BF5-BF066CAD56A6}.Release|x86.ActiveCfg = Release|Any CPU
		{BCA0393D-06C8-4959-8BF5-BF066CAD56A6}.Release|x86.Build.0 = Release|Any CPU
		{0B007B04-EAA6-419C-BDA0-6C394D0DC485}.Debug|Any CPU.ActiveCfg = Debug|Any CPU
		{0B007B04-EAA6-419C-BDA0-6C394D0DC485}.Debug|Any CPU.Build.0 = Debug|Any CPU
		{0B007B04-EAA6-419C-BDA0-6C394D0DC485}.Debug|x86.ActiveCfg = Debug|Any CPU
		{0B007B04-EAA6-419C-BDA0-6C394D0DC485}.Debug|x86.Build.0 = Debug|Any CPU
		{0B007B04-EAA6-419C-BDA0-6C394D0DC485}.Release|Any CPU.ActiveCfg = Release|Any CPU
		{0B007B04-EAA6-419C-BDA0-6C394D0DC485}.Release|Any CPU.Build.0 = Release|Any CPU
		{0B007B04-EAA6-419C-BDA0-6C394D0DC485}.Release|x86.ActiveCfg = Release|Any CPU
		{0B007B04-EAA6-419C-BDA0-6C394D0DC485}.Release|x86.Build.0 = Release|Any CPU
		{35446B57-9AC5-4DDB-9D65-16D6DFF39C04}.Debug|Any CPU.ActiveCfg = Debug|Any CPU
		{35446B57-9AC5-4DDB-9D65-16D6DFF39C04}.Debug|Any CPU.Build.0 = Debug|Any CPU
		{35446B57-9AC5-4DDB-9D65-16D6DFF39C04}.Debug|x86.ActiveCfg = Debug|Any CPU
		{35446B57-9AC5-4DDB-9D65-16D6DFF39C04}.Debug|x86.Build.0 = Debug|Any CPU
		{35446B57-9AC5-4DDB-9D65-16D6DFF39C04}.Release|Any CPU.ActiveCfg = Release|Any CPU
		{35446B57-9AC5-4DDB-9D65-16D6DFF39C04}.Release|Any CPU.Build.0 = Release|Any CPU
		{35446B57-9AC5-4DDB-9D65-16D6DFF39C04}.Release|x86.ActiveCfg = Release|Any CPU
		{35446B57-9AC5-4DDB-9D65-16D6DFF39C04}.Release|x86.Build.0 = Release|Any CPU
		{18FE5640-9031-469A-BE67-9039735D500A}.Debug|Any CPU.ActiveCfg = Debug|Any CPU
		{18FE5640-9031-469A-BE67-9039735D500A}.Debug|Any CPU.Build.0 = Debug|Any CPU
		{18FE5640-9031-469A-BE67-9039735D500A}.Debug|x86.ActiveCfg = Debug|Any CPU
		{18FE5640-9031-469A-BE67-9039735D500A}.Debug|x86.Build.0 = Debug|Any CPU
		{18FE5640-9031-469A-BE67-9039735D500A}.Release|Any CPU.ActiveCfg = Release|Any CPU
		{18FE5640-9031-469A-BE67-9039735D500A}.Release|Any CPU.Build.0 = Release|Any CPU
		{18FE5640-9031-469A-BE67-9039735D500A}.Release|x86.ActiveCfg = Release|Any CPU
		{18FE5640-9031-469A-BE67-9039735D500A}.Release|x86.Build.0 = Release|Any CPU
		{7EB4F52F-E4BD-450A-833A-5CF3A42F7FB3}.Debug|Any CPU.ActiveCfg = Debug|Any CPU
		{7EB4F52F-E4BD-450A-833A-5CF3A42F7FB3}.Debug|Any CPU.Build.0 = Debug|Any CPU
		{7EB4F52F-E4BD-450A-833A-5CF3A42F7FB3}.Debug|x86.ActiveCfg = Debug|Any CPU
		{7EB4F52F-E4BD-450A-833A-5CF3A42F7FB3}.Debug|x86.Build.0 = Debug|Any CPU
		{7EB4F52F-E4BD-450A-833A-5CF3A42F7FB3}.Release|Any CPU.ActiveCfg = Release|Any CPU
		{7EB4F52F-E4BD-450A-833A-5CF3A42F7FB3}.Release|Any CPU.Build.0 = Release|Any CPU
		{7EB4F52F-E4BD-450A-833A-5CF3A42F7FB3}.Release|x86.ActiveCfg = Release|Any CPU
		{7EB4F52F-E4BD-450A-833A-5CF3A42F7FB3}.Release|x86.Build.0 = Release|Any CPU
		{ED752041-EE6C-492F-A2C4-AAF8E6C7036F}.Debug|Any CPU.ActiveCfg = Debug|Any CPU
		{ED752041-EE6C-492F-A2C4-AAF8E6C7036F}.Debug|Any CPU.Build.0 = Debug|Any CPU
		{ED752041-EE6C-492F-A2C4-AAF8E6C7036F}.Debug|x86.ActiveCfg = Debug|Any CPU
		{ED752041-EE6C-492F-A2C4-AAF8E6C7036F}.Debug|x86.Build.0 = Debug|Any CPU
		{ED752041-EE6C-492F-A2C4-AAF8E6C7036F}.Release|Any CPU.ActiveCfg = Release|Any CPU
		{ED752041-EE6C-492F-A2C4-AAF8E6C7036F}.Release|Any CPU.Build.0 = Release|Any CPU
		{ED752041-EE6C-492F-A2C4-AAF8E6C7036F}.Release|x86.ActiveCfg = Release|Any CPU
		{ED752041-EE6C-492F-A2C4-AAF8E6C7036F}.Release|x86.Build.0 = Release|Any CPU
	EndGlobalSection
	GlobalSection(SolutionProperties) = preSolution
		HideSolutionNode = FALSE
	EndGlobalSection
	GlobalSection(ExtensibilityGlobals) = postSolution
		SolutionGuid = {7AC771BF-B193-4E04-8708-4B5D152D0C1F}
	EndGlobalSection
EndGlobal
